
Microsoft Visual Studio Solution File, Format Version 12.00
# Visual Studio Version 17
VisualStudioVersion = 17.2.32516.85
MinimumVisualStudioVersion = 10.0.40219.1
Project("{8BC9CEB8-8B4A-11D0-8D11-00A0C91BC942}") = "强化训练 字符串封装", "强化训练 字符串封装.vcxproj", "{162E9F20-99DF-4318-A365-5134730DC98C}"
EndProject
Global
	GlobalSection(SolutionConfigurationPlatforms) = preSolution
		Debug|x64 = Debug|x64
		Debug|x86 = Debug|x86
		Release|x64 = Release|x64
		Release|x86 = Release|x86
	EndGlobalSection
	GlobalSection(ProjectConfigurationPlatforms) = postSolution
		{162E9F20-99DF-4318-A365-5134730DC98C}.Debug|x64.ActiveCfg = Debug|x64
		{162E9F20-99DF-4318-A365-5134730DC98C}.Debug|x64.Build.0 = Debug|x64
		{162E9F20-99DF-4318-A365-5134730DC98C}.Debug|x86.ActiveCfg = Debug|Win32
		{162E9F20-99DF-4318-A365-5134730DC98C}.Debug|x86.Build.0 = Debug|Win32
		{162E9F20-99DF-4318-A365-5134730DC98C}.Release|x64.ActiveCfg = Release|x64
		{162E9F20-99DF-4318-A365-5134730DC98C}.Release|x64.Build.0 = Release|x64
		{162E9F20-99DF-4318-A365-5134730DC98C}.Release|x86.ActiveCfg = Release|Win32
		{162E9F20-99DF-4318-A365-5134730DC98C}.Release|x86.Build.0 = Release|Win32
	EndGlobalSection
	GlobalSection(SolutionProperties) = preSolution
		HideSolutionNode = FALSE
	EndGlobalSection
	GlobalSection(ExtensibilityGlobals) = postSolution
		SolutionGuid = {4E4FC229-4A27-4A8A-8C73-00447E1EB3C6}
	EndGlobalSection
EndGlobal
