
Microsoft Visual Studio Solution File, Format Version 12.00
# Visual Studio Version 17
VisualStudioVersion = 17.2.32526.322
MinimumVisualStudioVersion = 10.0.40219.1
Project("{8BC9CEB8-8B4A-11D0-8D11-00A0C91BC942}") = "模板", "模板.vcxproj", "{47A617B2-3790-4B14-A9A1-51312D7DE0C4}"
EndProject
Global
	GlobalSection(SolutionConfigurationPlatforms) = preSolution
		Debug|x64 = Debug|x64
		Debug|x86 = Debug|x86
		Release|x64 = Release|x64
		Release|x86 = Release|x86
	EndGlobalSection
	GlobalSection(ProjectConfigurationPlatforms) = postSolution
		{47A617B2-3790-4B14-A9A1-51312D7DE0C4}.Debug|x64.ActiveCfg = Debug|x64
		{47A617B2-3790-4B14-A9A1-51312D7DE0C4}.Debug|x64.Build.0 = Debug|x64
		{47A617B2-3790-4B14-A9A1-51312D7DE0C4}.Debug|x86.ActiveCfg = Debug|Win32
		{47A617B2-3790-4B14-A9A1-51312D7DE0C4}.Debug|x86.Build.0 = Debug|Win32
		{47A617B2-3790-4B14-A9A1-51312D7DE0C4}.Release|x64.ActiveCfg = Release|x64
		{47A617B2-3790-4B14-A9A1-51312D7DE0C4}.Release|x64.Build.0 = Release|x64
		{47A617B2-3790-4B14-A9A1-51312D7DE0C4}.Release|x86.ActiveCfg = Release|Win32
		{47A617B2-3790-4B14-A9A1-51312D7DE0C4}.Release|x86.Build.0 = Release|Win32
	EndGlobalSection
	GlobalSection(SolutionProperties) = preSolution
		HideSolutionNode = FALSE
	EndGlobalSection
	GlobalSection(ExtensibilityGlobals) = postSolution
		SolutionGuid = {357CCE46-6685-4AF6-BA74-52AD87E296F3}
	EndGlobalSection
EndGlobal
