
Microsoft Visual Studio Solution File, Format Version 12.00
# Visual Studio Version 17
VisualStudioVersion = 17.2.32516.85
MinimumVisualStudioVersion = 10.0.40219.1
Project("{8BC9CEB8-8B4A-11D0-8D11-00A0C91BC942}") = "explicit关键字使用", "explicit关键字使用.vcxproj", "{81A06A5C-AAA8-40C2-8602-E0908D10F786}"
EndProject
Global
	GlobalSection(SolutionConfigurationPlatforms) = preSolution
		Debug|x64 = Debug|x64
		Debug|x86 = Debug|x86
		Release|x64 = Release|x64
		Release|x86 = Release|x86
	EndGlobalSection
	GlobalSection(ProjectConfigurationPlatforms) = postSolution
		{81A06A5C-AAA8-40C2-8602-E0908D10F786}.Debug|x64.ActiveCfg = Debug|x64
		{81A06A5C-AAA8-40C2-8602-E0908D10F786}.Debug|x64.Build.0 = Debug|x64
		{81A06A5C-AAA8-40C2-8602-E0908D10F786}.Debug|x86.ActiveCfg = Debug|Win32
		{81A06A5C-AAA8-40C2-8602-E0908D10F786}.Debug|x86.Build.0 = Debug|Win32
		{81A06A5C-AAA8-40C2-8602-E0908D10F786}.Release|x64.ActiveCfg = Release|x64
		{81A06A5C-AAA8-40C2-8602-E0908D10F786}.Release|x64.Build.0 = Release|x64
		{81A06A5C-AAA8-40C2-8602-E0908D10F786}.Release|x86.ActiveCfg = Release|Win32
		{81A06A5C-AAA8-40C2-8602-E0908D10F786}.Release|x86.Build.0 = Release|Win32
	EndGlobalSection
	GlobalSection(SolutionProperties) = preSolution
		HideSolutionNode = FALSE
	EndGlobalSection
	GlobalSection(ExtensibilityGlobals) = postSolution
		SolutionGuid = {B69A5BC9-4EA2-4213-9660-71E8C698499D}
	EndGlobalSection
EndGlobal
