
Microsoft Visual Studio Solution File, Format Version 12.00
# Visual Studio Version 17
VisualStudioVersion = 17.1.32328.378
MinimumVisualStudioVersion = 10.0.40219.1
Project("{8BC9CEB8-8B4A-11D0-8D11-00A0C91BC942}") = "Storage", "Storage.vcxproj", "{BE3C499C-11D9-416C-BC65-9D734D5988C4}"
EndProject
Global
	GlobalSection(SolutionConfigurationPlatforms) = preSolution
		Debug|x64 = Debug|x64
		Debug|x86 = Debug|x86
		Release|x64 = Release|x64
		Release|x86 = Release|x86
	EndGlobalSection
	GlobalSection(ProjectConfigurationPlatforms) = postSolution
		{BE3C499C-11D9-416C-BC65-9D734D5988C4}.Debug|x64.ActiveCfg = Debug|x64
		{BE3C499C-11D9-416C-BC65-9D734D5988C4}.Debug|x64.Build.0 = Debug|x64
		{BE3C499C-11D9-416C-BC65-9D734D5988C4}.Debug|x86.ActiveCfg = Debug|Win32
		{BE3C499C-11D9-416C-BC65-9D734D5988C4}.Debug|x86.Build.0 = Debug|Win32
		{BE3C499C-11D9-416C-BC65-9D734D5988C4}.Release|x64.ActiveCfg = Release|x64
		{BE3C499C-11D9-416C-BC65-9D734D5988C4}.Release|x64.Build.0 = Release|x64
		{BE3C499C-11D9-416C-BC65-9D734D5988C4}.Release|x86.ActiveCfg = Release|Win32
		{BE3C499C-11D9-416C-BC65-9D734D5988C4}.Release|x86.Build.0 = Release|Win32
	EndGlobalSection
	GlobalSection(SolutionProperties) = preSolution
		HideSolutionNode = FALSE
	EndGlobalSection
	GlobalSection(ExtensibilityGlobals) = postSolution
		SolutionGuid = {895859E5-28A5-45F2-A7B8-67E945A91A9C}
	EndGlobalSection
EndGlobal
